
Microsoft Visual Studio Solution File, Format Version 12.00
# Visual Studio Version 17
VisualStudioVersion = 17.4.33213.308
MinimumVisualStudioVersion = 10.0.40219.1
Project("{9A19103F-16F7-4668-BE54-9A1E7A4F7556}") = "LogTests", "LogTests\LogTests.csproj", "{D525D003-DA84-4554-A6EA-C737793CB2A6}"
EndProject
Project("{9A19103F-16F7-4668-BE54-9A1E7A4F7556}") = "TestingApplication", "TestingApplication\TestingApplication.csproj", "{F0B649ED-9AEB-4D40-86FF-9CF9926D35AF}"
EndProject
Project("{9A19103F-16F7-4668-BE54-9A1E7A4F7556}") = "UnhandledExceptionLogger", "UnhandledExceptionLogger\UnhandledExceptionLogger.csproj", "{EC1C1F77-35AF-4343-965F-4FD6A117169D}"
EndProject
Global
	GlobalSection(SolutionConfigurationPlatforms) = preSolution
		Debug|Any CPU = Debug|Any CPU
		Release|Any CPU = Release|Any CPU
	EndGlobalSection
	GlobalSection(ProjectConfigurationPlatforms) = postSolution
		{D525D003-DA84-4554-A6EA-C737793CB2A6}.Debug|Any CPU.ActiveCfg = Debug|Any CPU
		{D525D003-DA84-4554-A6EA-C737793CB2A6}.Debug|Any CPU.Build.0 = Debug|Any CPU
		{D525D003-DA84-4554-A6EA-C737793CB2A6}.Release|Any CPU.ActiveCfg = Release|Any CPU
		{D525D003-DA84-4554-A6EA-C737793CB2A6}.Release|Any CPU.Build.0 = Release|Any CPU
		{F0B649ED-9AEB-4D40-86FF-9CF9926D35AF}.Debug|Any CPU.ActiveCfg = Debug|Any CPU
		{F0B649ED-9AEB-4D40-86FF-9CF9926D35AF}.Debug|Any CPU.Build.0 = Debug|Any CPU
		{F0B649ED-9AEB-4D40-86FF-9CF9926D35AF}.Release|Any CPU.ActiveCfg = Release|Any CPU
		{F0B649ED-9AEB-4D40-86FF-9CF9926D35AF}.Release|Any CPU.Build.0 = Release|Any CPU
		{EC1C1F77-35AF-4343-965F-4FD6A117169D}.Debug|Any CPU.ActiveCfg = Debug|Any CPU
		{EC1C1F77-35AF-4343-965F-4FD6A117169D}.Debug|Any CPU.Build.0 = Debug|Any CPU
		{EC1C1F77-35AF-4343-965F-4FD6A117169D}.Release|Any CPU.ActiveCfg = Release|Any CPU
		{EC1C1F77-35AF-4343-965F-4FD6A117169D}.Release|Any CPU.Build.0 = Release|Any CPU
	EndGlobalSection
	GlobalSection(SolutionProperties) = preSolution
		HideSolutionNode = FALSE
	EndGlobalSection
	GlobalSection(ExtensibilityGlobals) = postSolution
		SolutionGuid = {41E23AB8-7C06-477B-A713-6411CBE5635D}
	EndGlobalSection
EndGlobal
